{
  "nodes": {
    "envycontrol": {
      "inputs": {
        "nixpkgs": "nixpkgs"
      },
      "locked": {
        "lastModified": 1720013883,
        "narHash": "sha256-1+zqketLV5qADlGVP/Yqvxf46/B8YegEoIFLa4j0bbI=",
        "owner": "bayasdev",
        "repo": "envycontrol",
        "rev": "a5f736695518275e9891cbf00aaf54fde3670492",
        "type": "github"
      },
      "original": {
        "owner": "bayasdev",
        "repo": "envycontrol",
        "type": "github"
      }
    },
    "home-manager": {
      "inputs": {
        "nixpkgs": [
          "nixpkgs"
        ]
      },
      "locked": {
        "lastModified": 1720042825,
        "narHash": "sha256-A0vrUB6x82/jvf17qPCpxaM+ulJnD8YZwH9Ci0BsAzE=",
        "owner": "nix-community",
        "repo": "home-manager",
        "rev": "e1391fb22e18a36f57e6999c7a9f966dc80ac073",
        "type": "github"
      },
      "original": {
        "owner": "nix-community",
        "ref": "release-24.05",
        "repo": "home-manager",
        "type": "github"
      }
    },
    "nixpkgs": {
      "locked": {
        "lastModified": 1720657034,
        "narHash": "sha256-nPhbeFdyN8yn+EXmnPcBWisoypndtQbNIhSKmAinv3E=",
        "owner": "NixOS",
        "repo": "nixpkgs",
        "rev": "212defe037698e18fc9521dfe451779a8979844c",
        "type": "github"
      },
      "original": {
        "owner": "NixOS",
        "ref": "nixpkgs-unstable",
        "repo": "nixpkgs",
        "type": "github"
      }
    },
    "nixpkgs_2": {
      "locked": {
        "lastModified": 1720553833,
        "narHash": "sha256-IXMiHQMtdShDXcBW95ctA+m5Oq2kLxnBt7WlMxvDQXA=",
        "owner": "NixOS",
        "repo": "nixpkgs",
        "rev": "249fbde2a178a2ea2638b65b9ecebd531b338cf9",
        "type": "github"
      },
      "original": {
        "owner": "NixOS",
        "ref": "nixos-24.05",
        "repo": "nixpkgs",
        "type": "github"
      }
    },
    "root": {
      "inputs": {
        "envycontrol": "envycontrol",
        "home-manager": "home-manager",
        "nixpkgs": "nixpkgs_2"
      }
    }
  },
  "root": "root",
  "version": 7
}
